<?xml version="1.0" encoding="UTF-8" standalone="yes" ?>
<CodeBlocks_project_file>
	<FileVersion major="1" minor="6" />
	<Project>
		<Option title="LudumDare34" />
		<Option pch_mode="2" />
		<Option compiler="gcc" />
		<Build>
			<Target title="Debug">
				<Option output="bin/Debug/LudumDare34" prefix_auto="1" extension_auto="1" />
				<Option object_output="obj/Debug/" />
				<Option type="1" />
				<Option compiler="gcc" />
				<Compiler>
					<Add option="-g" />
				</Compiler>
				<Linker>
					<Add library="sfml-audio-d" />
					<Add library="sfml-window-d" />
					<Add library="sfml-graphics-d" />
					<Add library="sfml-system-d" />
				</Linker>
			</Target>
			<Target title="Release">
				<Option output="bin/Release/LudumDare34" prefix_auto="1" extension_auto="1" />
				<Option object_output="obj/Release/" />
				<Option type="1" />
				<Option compiler="gcc" />
				<Compiler>
					<Add option="-O2" />
				</Compiler>
				<Linker>
					<Add option="-s" />
				</Linker>
			</Target>
		</Build>
		<Compiler>
			<Add option="-Wall" />
			<Add directory="include" />
		</Compiler>
		<Linker>
			<Add directory="lib" />
		</Linker>
		<Unit filename="src/button.hpp" />
		<Unit filename="src/game.cpp" />
		<Unit filename="src/game.h" />
		<Unit filename="src/gameobject.hpp" />
		<Unit filename="src/gui/droplet.hpp" />
		<Unit filename="src/gui/notification.hpp" />
		<Unit filename="src/main.cpp" />
		<Unit filename="src/player.cpp" />
		<Unit filename="src/player.h" />
		<Unit filename="src/resource.hpp" />
		<Unit filename="src/savefile.hpp" />
		<Unit filename="src/skill.cpp" />
		<Unit filename="src/skill.hpp" />
		<Unit filename="src/states/gamestate.cpp" />
		<Unit filename="src/states/gamestate.h" />
		<Unit filename="src/states/resourcestate.cpp" />
		<Unit filename="src/states/resourcestate.h" />
		<Unit filename="src/states/skillstate.cpp" />
		<Unit filename="src/states/skillstate.h" />
		<Unit filename="src/states/state.h" />
		<Extensions>
			<code_completion />
			<envvars />
			<debugger />
			<lib_finder disable_auto="1" />
		</Extensions>
	</Project>
</CodeBlocks_project_file>
